<?xml version="1.0" encoding="UTF-8" standalone="yes" ?>
<CodeBlocks_project_file>
	<FileVersion major="1" minor="6" />
	<Project>
		<Option title="Heartlight++" />
		<Option pch_mode="2" />
		<Option compiler="gcc" />
		<Build>
			<Target title="Debug">
				<Option output="Heartlight++" prefix_auto="1" extension_auto="1" />
				<Option object_output=".obj/Debug/" />
				<Option type="1" />
				<Option compiler="gcc" />
				<Compiler>
					<Add option="-O2" />
					<Add option="-g" />
				</Compiler>
				<Linker>
					<Add option="`sdl-config --libs`" />
					<Add option="-lSDLmain -lSDL -lvorbis -lvorbisfile" />
					<Add option="-lopenal -lhge-unix -ljpeg -lpng" />
					<Add option="-logg -ltinyxml2 -lttvfs -lBox2D" />
				</Linker>
			</Target>
			<Target title="Release">
				<Option output="Heartlight++-release" prefix_auto="1" extension_auto="1" />
				<Option object_output=".obj/Release/" />
				<Option type="0" />
				<Option compiler="gcc" />
				<Compiler>
					<Add option="-O2" />
				</Compiler>
				<Linker>
					<Add option="-s" />
					<Add option="`sdl-config --libs`" />
					<Add option="-lSDLmain -lSDL -lvorbis -lvorbisfile" />
					<Add option="-lopenal -lhge-unix -ljpeg -lpng" />
					<Add option="-logg -ltinyxml2 -lttvfs -lBox2D" />
				</Linker>
			</Target>
		</Build>
		<Compiler>
			<Add option="-O2" />
			<Add option="-Wall" />
			<Add option="`sdl-config --cflags` -lSDL -lSDLmain" />
			<Add directory="./include/" />
		</Compiler>
		<Linker>
			<Add option="`sdl-config --libs`" />
			<Add option="-lSDLmain -lSDL -lvorbis -lvorbisfile" />
			<Add option="-lopenal -lhge-unix -ljpeg -lpng" />
			<Add option="-logg -ltinyxml2 -lttvfs -lBox2D" />
			<Add directory="./lib/Linux_x64/" />
		</Linker>
		<Unit filename="Cursor.cpp" />
		<Unit filename="Cursor.h" />
		<Unit filename="Engine.cpp" />
		<Unit filename="Engine.h" />
		<Unit filename="Image.cpp" />
		<Unit filename="Image.h" />
		<Unit filename="Object.cpp" />
		<Unit filename="Object.h" />
		<Unit filename="SceneLayer.cpp" />
		<Unit filename="SceneLayer.h" />
		<Unit filename="Text.cpp" />
		<Unit filename="Text.h" />
		<Unit filename="ballGun.cpp" />
		<Unit filename="ballGun.h" />
		<Unit filename="globaldefs.cpp" />
		<Unit filename="globaldefs.h" />
		<Unit filename="hud.cpp" />
		<Unit filename="hud.h" />
		<Unit filename="main.cpp" />
		<Unit filename="myEngine.cpp" />
		<Unit filename="myEngine.h" />
		<Unit filename="myEngine_new.cpp" />
		<Unit filename="myEngine_retro.cpp" />
		<Extensions>
			<code_completion />
			<debugger />
		</Extensions>
	</Project>
</CodeBlocks_project_file>
